// !$*UTF8*$!
{
	archiveVersion = 1;
	classes = {
	};
	objectVersion = 76;
	objects = {

/* Begin PBXBuildFile section */
		4C38E7F61FEE01F4000425CD /* libssl.a in Frameworks */ = {isa = PBXBuildFile; fileRef = FB8946E119F6AFB800339C8A /* libssl.a */; };
		4C38E7F71FEE0219000425CD /* libcrypto.a in Frameworks */ = {isa = PBXBuildFile; fileRef = FB8946E019F6AFB800339C8A /* libcrypto.a */; };
		4C38E7F91FEE085B000425CD /* (null) in Sources */ = {isa = PBXBuildFile; };
		4C38E7FC1FEE0875000425CD /* (null) in Sources */ = {isa = PBXBuildFile; };
		4C38E8011FEE08AA000425CD /* (null) in Sources */ = {isa = PBXBuildFile; };
		4C38E82E1FF0C71D000425CD /* libmoonlight-common.a in Frameworks */ = {isa = PBXBuildFile; fileRef = 98AB2E841CAD46840089BB98 /* libmoonlight-common.a */; };
		4C97FE5E24CD3C1A001F3064 /* libopus.a in Frameworks */ = {isa = PBXBuildFile; fileRef = FB8946EA19F6AFB800339C8A /* libopus.a */; };
/* End PBXBuildFile section */

/* Begin PBXContainerItemProxy section */
		4C38E82F1FF0C726000425CD /* PBXContainerItemProxy */ = {
			isa = PBXContainerItemProxy;
			containerPortal = 98AB2E7F1CAD46830089BB98 /* moonlight-common.xcodeproj */;
			proxyType = 1;
			remoteGlobalIDString = FB290E2D19B37A4E004C83CF;
			remoteInfo = "moonlight-common";
		};
		98AB2E831CAD46840089BB98 /* PBXContainerItemProxy */ = {
			isa = PBXContainerItemProxy;
			containerPortal = 98AB2E7F1CAD46830089BB98 /* moonlight-common.xcodeproj */;
			proxyType = 2;
			remoteGlobalIDString = FB290E2E19B37A4E004C83CF;
			remoteInfo = "moonlight-common";
		};
/* End PBXContainerItemProxy section */

/* Begin PBXFileReference section */
		4C2556A121F56F280009838E /* Moonlight.entitlements */ = {isa = PBXFileReference; lastKnownFileType = text.plist.entitlements; path = Moonlight.entitlements; sourceTree = "<group>"; };
		4C7E0A7A1FECBFFD00684411 /* Moonlight.app */ = {isa = PBXFileReference; explicitFileType = wrapper.application; includeInIndex = 0; path = Moonlight.app; sourceTree = BUILT_PRODUCTS_DIR; };
		4CD17E9B2733C0FC004D438C /* README.md */ = {isa = PBXFileReference; lastKnownFileType = net.daringfireball.markdown; path = README.md; sourceTree = "<group>"; };
		98AB2E7F1CAD46830089BB98 /* moonlight-common.xcodeproj */ = {isa = PBXFileReference; lastKnownFileType = "wrapper.pb-project"; name = "moonlight-common.xcodeproj"; path = "moonlight-common/moonlight-common.xcodeproj"; sourceTree = "<group>"; };
		FB89469419F6AFB800339C8A /* aes.h */ = {isa = PBXFileReference; lastKnownFileType = sourcecode.c.h; path = aes.h; sourceTree = "<group>"; };
		FB89469519F6AFB800339C8A /* asn1.h */ = {isa = PBXFileReference; lastKnownFileType = sourcecode.c.h; path = asn1.h; sourceTree = "<group>"; };
		FB89469619F6AFB800339C8A /* asn1_mac.h */ = {isa = PBXFileReference; lastKnownFileType = sourcecode.c.h; path = asn1_mac.h; sourceTree = "<group>"; };
		FB89469719F6AFB800339C8A /* asn1t.h */ = {isa = PBXFileReference; lastKnownFileType = sourcecode.c.h; path = asn1t.h; sourceTree = "<group>"; };
		FB89469819F6AFB800339C8A /* bio.h */ = {isa = PBXFileReference; lastKnownFileType = sourcecode.c.h; path = bio.h; sourceTree = "<group>"; };
		FB89469919F6AFB800339C8A /* blowfish.h */ = {isa = PBXFileReference; lastKnownFileType = sourcecode.c.h; path = blowfish.h; sourceTree = "<group>"; };
		FB89469A19F6AFB800339C8A /* bn.h */ = {isa = PBXFileReference; lastKnownFileType = sourcecode.c.h; path = bn.h; sourceTree = "<group>"; };
		FB89469B19F6AFB800339C8A /* buffer.h */ = {isa = PBXFileReference; lastKnownFileType = sourcecode.c.h; path = buffer.h; sourceTree = "<group>"; };
		FB89469C19F6AFB800339C8A /* camellia.h */ = {isa = PBXFileReference; lastKnownFileType = sourcecode.c.h; path = camellia.h; sourceTree = "<group>"; };
		FB89469D19F6AFB800339C8A /* cast.h */ = {isa = PBXFileReference; lastKnownFileType = sourcecode.c.h; path = cast.h; sourceTree = "<group>"; };
		FB89469E19F6AFB800339C8A /* cmac.h */ = {isa = PBXFileReference; lastKnownFileType = sourcecode.c.h; path = cmac.h; sourceTree = "<group>"; };
		FB89469F19F6AFB800339C8A /* cms.h */ = {isa = PBXFileReference; lastKnownFileType = sourcecode.c.h; path = cms.h; sourceTree = "<group>"; };
		FB8946A019F6AFB800339C8A /* comp.h */ = {isa = PBXFileReference; lastKnownFileType = sourcecode.c.h; path = comp.h; sourceTree = "<group>"; };
		FB8946A119F6AFB800339C8A /* conf.h */ = {isa = PBXFileReference; lastKnownFileType = sourcecode.c.h; path = conf.h; sourceTree = "<group>"; };
		FB8946A219F6AFB800339C8A /* conf_api.h */ = {isa = PBXFileReference; lastKnownFileType = sourcecode.c.h; path = conf_api.h; sourceTree = "<group>"; };
		FB8946A319F6AFB800339C8A /* crypto.h */ = {isa = PBXFileReference; lastKnownFileType = sourcecode.c.h; path = crypto.h; sourceTree = "<group>"; };
		FB8946A419F6AFB800339C8A /* des.h */ = {isa = PBXFileReference; lastKnownFileType = sourcecode.c.h; path = des.h; sourceTree = "<group>"; };
		FB8946A519F6AFB800339C8A /* des_old.h */ = {isa = PBXFileReference; lastKnownFileType = sourcecode.c.h; path = des_old.h; sourceTree = "<group>"; };
		FB8946A619F6AFB800339C8A /* dh.h */ = {isa = PBXFileReference; lastKnownFileType = sourcecode.c.h; path = dh.h; sourceTree = "<group>"; };
		FB8946A719F6AFB800339C8A /* dsa.h */ = {isa = PBXFileReference; lastKnownFileType = sourcecode.c.h; path = dsa.h; sourceTree = "<group>"; };
		FB8946A819F6AFB800339C8A /* dso.h */ = {isa = PBXFileReference; lastKnownFileType = sourcecode.c.h; path = dso.h; sourceTree = "<group>"; };
		FB8946A919F6AFB800339C8A /* dtls1.h */ = {isa = PBXFileReference; lastKnownFileType = sourcecode.c.h; path = dtls1.h; sourceTree = "<group>"; };
		FB8946AA19F6AFB800339C8A /* e_os2.h */ = {isa = PBXFileReference; lastKnownFileType = sourcecode.c.h; path = e_os2.h; sourceTree = "<group>"; };
		FB8946AB19F6AFB800339C8A /* ebcdic.h */ = {isa = PBXFileReference; lastKnownFileType = sourcecode.c.h; path = ebcdic.h; sourceTree = "<group>"; };
		FB8946AC19F6AFB800339C8A /* ec.h */ = {isa = PBXFileReference; lastKnownFileType = sourcecode.c.h; path = ec.h; sourceTree = "<group>"; };
		FB8946AD19F6AFB800339C8A /* ecdh.h */ = {isa = PBXFileReference; lastKnownFileType = sourcecode.c.h; path = ecdh.h; sourceTree = "<group>"; };
		FB8946AE19F6AFB800339C8A /* ecdsa.h */ = {isa = PBXFileReference; lastKnownFileType = sourcecode.c.h; path = ecdsa.h; sourceTree = "<group>"; };
		FB8946AF19F6AFB800339C8A /* engine.h */ = {isa = PBXFileReference; lastKnownFileType = sourcecode.c.h; path = engine.h; sourceTree = "<group>"; };
		FB8946B019F6AFB800339C8A /* err.h */ = {isa = PBXFileReference; lastKnownFileType = sourcecode.c.h; path = err.h; sourceTree = "<group>"; };
		FB8946B119F6AFB800339C8A /* evp.h */ = {isa = PBXFileReference; lastKnownFileType = sourcecode.c.h; path = evp.h; sourceTree = "<group>"; };
		FB8946B219F6AFB800339C8A /* hmac.h */ = {isa = PBXFileReference; lastKnownFileType = sourcecode.c.h; path = hmac.h; sourceTree = "<group>"; };
		FB8946B319F6AFB800339C8A /* idea.h */ = {isa = PBXFileReference; lastKnownFileType = sourcecode.c.h; path = idea.h; sourceTree = "<group>"; };
		FB8946B419F6AFB800339C8A /* krb5_asn.h */ = {isa = PBXFileReference; lastKnownFileType = sourcecode.c.h; path = krb5_asn.h; sourceTree = "<group>"; };
		FB8946B519F6AFB800339C8A /* kssl.h */ = {isa = PBXFileReference; lastKnownFileType = sourcecode.c.h; path = kssl.h; sourceTree = "<group>"; };
		FB8946B619F6AFB800339C8A /* lhash.h */ = {isa = PBXFileReference; lastKnownFileType = sourcecode.c.h; path = lhash.h; sourceTree = "<group>"; };
		FB8946B719F6AFB800339C8A /* md4.h */ = {isa = PBXFileReference; lastKnownFileType = sourcecode.c.h; path = md4.h; sourceTree = "<group>"; };
		FB8946B819F6AFB800339C8A /* md5.h */ = {isa = PBXFileReference; lastKnownFileType = sourcecode.c.h; path = md5.h; sourceTree = "<group>"; };
		FB8946B919F6AFB800339C8A /* mdc2.h */ = {isa = PBXFileReference; lastKnownFileType = sourcecode.c.h; path = mdc2.h; sourceTree = "<group>"; };
		FB8946BA19F6AFB800339C8A /* modes.h */ = {isa = PBXFileReference; lastKnownFileType = sourcecode.c.h; path = modes.h; sourceTree = "<group>"; };
		FB8946BB19F6AFB800339C8A /* obj_mac.h */ = {isa = PBXFileReference; lastKnownFileType = sourcecode.c.h; path = obj_mac.h; sourceTree = "<group>"; };
		FB8946BC19F6AFB800339C8A /* objects.h */ = {isa = PBXFileReference; lastKnownFileType = sourcecode.c.h; path = objects.h; sourceTree = "<group>"; };
		FB8946BD19F6AFB800339C8A /* ocsp.h */ = {isa = PBXFileReference; lastKnownFileType = sourcecode.c.h; path = ocsp.h; sourceTree = "<group>"; };
		FB8946BE19F6AFB800339C8A /* opensslconf.h */ = {isa = PBXFileReference; lastKnownFileType = sourcecode.c.h; path = opensslconf.h; sourceTree = "<group>"; };
		FB8946BF19F6AFB800339C8A /* opensslv.h */ = {isa = PBXFileReference; lastKnownFileType = sourcecode.c.h; path = opensslv.h; sourceTree = "<group>"; };
		FB8946C019F6AFB800339C8A /* ossl_typ.h */ = {isa = PBXFileReference; lastKnownFileType = sourcecode.c.h; path = ossl_typ.h; sourceTree = "<group>"; };
		FB8946C119F6AFB800339C8A /* pem.h */ = {isa = PBXFileReference; lastKnownFileType = sourcecode.c.h; path = pem.h; sourceTree = "<group>"; };
		FB8946C219F6AFB800339C8A /* pem2.h */ = {isa = PBXFileReference; lastKnownFileType = sourcecode.c.h; path = pem2.h; sourceTree = "<group>"; };
		FB8946C319F6AFB800339C8A /* pkcs12.h */ = {isa = PBXFileReference; lastKnownFileType = sourcecode.c.h; path = pkcs12.h; sourceTree = "<group>"; };
		FB8946C419F6AFB800339C8A /* pkcs7.h */ = {isa = PBXFileReference; lastKnownFileType = sourcecode.c.h; path = pkcs7.h; sourceTree = "<group>"; };
		FB8946C519F6AFB800339C8A /* pqueue.h */ = {isa = PBXFileReference; lastKnownFileType = sourcecode.c.h; path = pqueue.h; sourceTree = "<group>"; };
		FB8946C619F6AFB800339C8A /* rand.h */ = {isa = PBXFileReference; lastKnownFileType = sourcecode.c.h; path = rand.h; sourceTree = "<group>"; };
		FB8946C719F6AFB800339C8A /* rc2.h */ = {isa = PBXFileReference; lastKnownFileType = sourcecode.c.h; path = rc2.h; sourceTree = "<group>"; };
		FB8946C819F6AFB800339C8A /* rc4.h */ = {isa = PBXFileReference; lastKnownFileType = sourcecode.c.h; path = rc4.h; sourceTree = "<group>"; };
		FB8946C919F6AFB800339C8A /* ripemd.h */ = {isa = PBXFileReference; lastKnownFileType = sourcecode.c.h; path = ripemd.h; sourceTree = "<group>"; };
		FB8946CA19F6AFB800339C8A /* rsa.h */ = {isa = PBXFileReference; lastKnownFileType = sourcecode.c.h; path = rsa.h; sourceTree = "<group>"; };
		FB8946CB19F6AFB800339C8A /* safestack.h */ = {isa = PBXFileReference; lastKnownFileType = sourcecode.c.h; path = safestack.h; sourceTree = "<group>"; };
		FB8946CC19F6AFB800339C8A /* seed.h */ = {isa = PBXFileReference; lastKnownFileType = sourcecode.c.h; path = seed.h; sourceTree = "<group>"; };
		FB8946CD19F6AFB800339C8A /* sha.h */ = {isa = PBXFileReference; lastKnownFileType = sourcecode.c.h; path = sha.h; sourceTree = "<group>"; };
		FB8946CE19F6AFB800339C8A /* srp.h */ = {isa = PBXFileReference; lastKnownFileType = sourcecode.c.h; path = srp.h; sourceTree = "<group>"; };
		FB8946CF19F6AFB800339C8A /* srtp.h */ = {isa = PBXFileReference; lastKnownFileType = sourcecode.c.h; path = srtp.h; sourceTree = "<group>"; };
		FB8946D019F6AFB800339C8A /* ssl.h */ = {isa = PBXFileReference; lastKnownFileType = sourcecode.c.h; path = ssl.h; sourceTree = "<group>"; };
		FB8946D119F6AFB800339C8A /* ssl2.h */ = {isa = PBXFileReference; lastKnownFileType = sourcecode.c.h; path = ssl2.h; sourceTree = "<group>"; };
		FB8946D219F6AFB800339C8A /* ssl23.h */ = {isa = PBXFileReference; lastKnownFileType = sourcecode.c.h; path = ssl23.h; sourceTree = "<group>"; };
		FB8946D319F6AFB800339C8A /* ssl3.h */ = {isa = PBXFileReference; lastKnownFileType = sourcecode.c.h; path = ssl3.h; sourceTree = "<group>"; };
		FB8946D419F6AFB800339C8A /* stack.h */ = {isa = PBXFileReference; lastKnownFileType = sourcecode.c.h; path = stack.h; sourceTree = "<group>"; };
		FB8946D519F6AFB800339C8A /* symhacks.h */ = {isa = PBXFileReference; lastKnownFileType = sourcecode.c.h; path = symhacks.h; sourceTree = "<group>"; };
		FB8946D619F6AFB800339C8A /* tls1.h */ = {isa = PBXFileReference; lastKnownFileType = sourcecode.c.h; path = tls1.h; sourceTree = "<group>"; };
		FB8946D719F6AFB800339C8A /* ts.h */ = {isa = PBXFileReference; lastKnownFileType = sourcecode.c.h; path = ts.h; sourceTree = "<group>"; };
		FB8946D819F6AFB800339C8A /* txt_db.h */ = {isa = PBXFileReference; lastKnownFileType = sourcecode.c.h; path = txt_db.h; sourceTree = "<group>"; };
		FB8946D919F6AFB800339C8A /* ui.h */ = {isa = PBXFileReference; lastKnownFileType = sourcecode.c.h; path = ui.h; sourceTree = "<group>"; };
		FB8946DA19F6AFB800339C8A /* ui_compat.h */ = {isa = PBXFileReference; lastKnownFileType = sourcecode.c.h; path = ui_compat.h; sourceTree = "<group>"; };
		FB8946DB19F6AFB800339C8A /* whrlpool.h */ = {isa = PBXFileReference; lastKnownFileType = sourcecode.c.h; path = whrlpool.h; sourceTree = "<group>"; };
		FB8946DC19F6AFB800339C8A /* x509.h */ = {isa = PBXFileReference; lastKnownFileType = sourcecode.c.h; path = x509.h; sourceTree = "<group>"; };
		FB8946DD19F6AFB800339C8A /* x509_vfy.h */ = {isa = PBXFileReference; lastKnownFileType = sourcecode.c.h; path = x509_vfy.h; sourceTree = "<group>"; };
		FB8946DE19F6AFB800339C8A /* x509v3.h */ = {isa = PBXFileReference; lastKnownFileType = sourcecode.c.h; path = x509v3.h; sourceTree = "<group>"; };
		FB8946E019F6AFB800339C8A /* libcrypto.a */ = {isa = PBXFileReference; lastKnownFileType = archive.ar; path = libcrypto.a; sourceTree = "<group>"; };
		FB8946E119F6AFB800339C8A /* libssl.a */ = {isa = PBXFileReference; lastKnownFileType = archive.ar; path = libssl.a; sourceTree = "<group>"; };
		FB8946E519F6AFB800339C8A /* opus.h */ = {isa = PBXFileReference; lastKnownFileType = sourcecode.c.h; path = opus.h; sourceTree = "<group>"; };
		FB8946E619F6AFB800339C8A /* opus_defines.h */ = {isa = PBXFileReference; lastKnownFileType = sourcecode.c.h; path = opus_defines.h; sourceTree = "<group>"; };
		FB8946E719F6AFB800339C8A /* opus_multistream.h */ = {isa = PBXFileReference; lastKnownFileType = sourcecode.c.h; path = opus_multistream.h; sourceTree = "<group>"; };
		FB8946E819F6AFB800339C8A /* opus_types.h */ = {isa = PBXFileReference; lastKnownFileType = sourcecode.c.h; path = opus_types.h; sourceTree = "<group>"; };
		FB8946EA19F6AFB800339C8A /* libopus.a */ = {isa = PBXFileReference; lastKnownFileType = archive.ar; path = libopus.a; sourceTree = "<group>"; };
/* End PBXFileReference section */

/* Begin PBXFileSystemSynchronizedBuildFileExceptionSet section */
		A40F5A9A2D432ABE006DA227 /* PBXFileSystemSynchronizedBuildFileExceptionSet */ = {
			isa = PBXFileSystemSynchronizedBuildFileExceptionSet;
			membershipExceptions = (
				/Localized/macOS/Main.storyboard,
				Crypto/CryptoManager.m,
				Crypto/IdManager.m,
				Crypto/mkcert.c,
				Database/DataManager.m,
				Database/TemporaryApp.m,
				Database/TemporaryHost.m,
				Database/TemporarySettings.m,
				DatabaseSingleton.m,
				Input/Controller.m,
				Input/ControllerSupport.m,
				Input/HapticContext.m,
				Input/HIDSupport.m,
				Input/Ticks.m,
				Limelight.xcdatamodeld,
				macOS/AppCell.xib,
				macOS/AppDelegateForAppKit.m,
				macOS/Assets.xcassets,
				macOS/Helpers/AlertPresenter.m,
				macOS/Helpers/BackgroundColorView.m,
				macOS/Helpers/ControllerNavigation.m,
				macOS/Helpers/Functional/F.m,
				"macOS/Helpers/Functional/NSArray+F.m",
				"macOS/Helpers/Functional/NSDictionary+F.m",
				"macOS/Helpers/Functional/NSNumber+F.m",
				macOS/Helpers/Helpers.m,
				macOS/Helpers/ImageFader.m,
				macOS/Helpers/MASPreferences/MASPreferencesWindow.xib,
				macOS/Helpers/MASPreferences/MASPreferencesWindowController.m,
				"macOS/Helpers/NSApplication+Moonlight.m",
				"macOS/Helpers/NSCollectionView+Moonlight.m",
				"macOS/Helpers/NSResponder+Moonlight.m",
				"macOS/Helpers/NSView+Moonlight.m",
				"macOS/Helpers/NSWindow+Moonlight.m",
				macOS/Helpers/NumberOnlyFormatter.swift,
				macOS/Helpers/ViewExtensions.swift,
				macOS/HostCell.xib,
				"macOS/Supporting Files/main.m",
				macOS/ViewControllers/AboutView.xib,
				macOS/ViewControllers/AboutViewController.m,
				macOS/ViewControllers/AboutWindow.xib,
				macOS/ViewControllers/AppCell.m,
				macOS/ViewControllers/AppsViewController.m,
				macOS/ViewControllers/ContainerViewController.m,
				macOS/ViewControllers/GeneralPrefsPaneVC.m,
				macOS/ViewControllers/GeneralPrefsPaneView.xib,
				macOS/ViewControllers/HostCell.m,
				macOS/ViewControllers/HostsViewController.m,
				macOS/ViewControllers/Settings.swift,
				macOS/ViewControllers/SettingsHostingController.swift,
				macOS/ViewControllers/SettingsModel.swift,
				macOS/ViewControllers/SettingsView.swift,
				macOS/ViewControllers/StreamViewController.m,
				macOS/Views/AppCellView.m,
				macOS/Views/CollectionView.m,
				macOS/Views/HostCellView.m,
				macOS/Views/LinkTextField.m,
				macOS/Views/NavigatableAlertView.m,
				macOS/Views/StreamViewMac.m,
				Network/AppAssetManager.m,
				Network/AppAssetResponse.m,
				Network/AppAssetRetriever.m,
				Network/AppListResponse.m,
				Network/ConnectionHelper.m,
				Network/DiscoveryManager.m,
				Network/DiscoveryWorker.m,
				Network/HttpManager.m,
				Network/HttpRequest.m,
				Network/HttpResponse.m,
				Network/MDNSManager.m,
				Network/PairManager.m,
				Network/ServerInfoResponse.m,
				Network/WakeOnLanManager.m,
				Stream/Connection.m,
				Stream/RendererLayerContainer.m,
				Stream/StreamConfiguration.m,
				Stream/StreamManager.m,
				Stream/VideoDecoderRenderer.m,
				Utility/Logger.m,
				Utility/Utils.m,
			);
			target = 4C7E0A791FECBFFD00684411 /* Moonlight for macOS */;
		};
/* End PBXFileSystemSynchronizedBuildFileExceptionSet section */

/* Begin PBXFileSystemSynchronizedRootGroup section */
		A40F5A3F2D432ABE006DA227 /* Limelight */ = {isa = PBXFileSystemSynchronizedRootGroup; exceptions = (A40F5A9A2D432ABE006DA227 /* PBXFileSystemSynchronizedBuildFileExceptionSet */, ); explicitFileTypes = {}; explicitFolders = (); path = Limelight; sourceTree = "<group>"; };
/* End PBXFileSystemSynchronizedRootGroup section */

/* Begin PBXFrameworksBuildPhase section */
		4C7E0A771FECBFFD00684411 /* Frameworks */ = {
			isa = PBXFrameworksBuildPhase;
			buildActionMask = 2147483647;
			files = (
				4C38E82E1FF0C71D000425CD /* libmoonlight-common.a in Frameworks */,
				4C97FE5E24CD3C1A001F3064 /* libopus.a in Frameworks */,
				4C38E7F71FEE0219000425CD /* libcrypto.a in Frameworks */,
				4C38E7F61FEE01F4000425CD /* libssl.a in Frameworks */,
			);
			runOnlyForDeploymentPostprocessing = 0;
		};
/* End PBXFrameworksBuildPhase section */

/* Begin PBXGroup section */
		98AB2E801CAD46830089BB98 /* Products */ = {
			isa = PBXGroup;
			children = (
				98AB2E841CAD46840089BB98 /* libmoonlight-common.a */,
			);
			name = Products;
			sourceTree = "<group>";
		};
		FB290CE519B2C406004C83CF = {
			isa = PBXGroup;
			children = (
				4CD17E9B2733C0FC004D438C /* README.md */,
				4C2556A121F56F280009838E /* Moonlight.entitlements */,
				98AB2E7F1CAD46830089BB98 /* moonlight-common.xcodeproj */,
				A40F5A3F2D432ABE006DA227 /* Limelight */,
				FB290CF019B2C406004C83CF /* Frameworks */,
				FB290CEF19B2C406004C83CF /* Products */,
			);
			sourceTree = "<group>";
		};
		FB290CEF19B2C406004C83CF /* Products */ = {
			isa = PBXGroup;
			children = (
				4C7E0A7A1FECBFFD00684411 /* Moonlight.app */,
			);
			name = Products;
			sourceTree = "<group>";
		};
		FB290CF019B2C406004C83CF /* Frameworks */ = {
			isa = PBXGroup;
			children = (
				FB89468F19F6AFB800339C8A /* libs */,
			);
			name = Frameworks;
			sourceTree = "<group>";
		};
		FB89468F19F6AFB800339C8A /* libs */ = {
			isa = PBXGroup;
			children = (
				FB89469119F6AFB800339C8A /* openssl */,
				FB8946E219F6AFB800339C8A /* opus */,
			);
			path = libs;
			sourceTree = "<group>";
		};
		FB89469119F6AFB800339C8A /* openssl */ = {
			isa = PBXGroup;
			children = (
				FB89469219F6AFB800339C8A /* include */,
				FB8946DF19F6AFB800339C8A /* lib */,
			);
			path = openssl;
			sourceTree = "<group>";
		};
		FB89469219F6AFB800339C8A /* include */ = {
			isa = PBXGroup;
			children = (
				FB89469319F6AFB800339C8A /* openssl */,
			);
			path = include;
			sourceTree = "<group>";
		};
		FB89469319F6AFB800339C8A /* openssl */ = {
			isa = PBXGroup;
			children = (
				FB89469419F6AFB800339C8A /* aes.h */,
				FB89469519F6AFB800339C8A /* asn1.h */,
				FB89469619F6AFB800339C8A /* asn1_mac.h */,
				FB89469719F6AFB800339C8A /* asn1t.h */,
				FB89469819F6AFB800339C8A /* bio.h */,
				FB89469919F6AFB800339C8A /* blowfish.h */,
				FB89469A19F6AFB800339C8A /* bn.h */,
				FB89469B19F6AFB800339C8A /* buffer.h */,
				FB89469C19F6AFB800339C8A /* camellia.h */,
				FB89469D19F6AFB800339C8A /* cast.h */,
				FB89469E19F6AFB800339C8A /* cmac.h */,
				FB89469F19F6AFB800339C8A /* cms.h */,
				FB8946A019F6AFB800339C8A /* comp.h */,
				FB8946A119F6AFB800339C8A /* conf.h */,
				FB8946A219F6AFB800339C8A /* conf_api.h */,
				FB8946A319F6AFB800339C8A /* crypto.h */,
				FB8946A419F6AFB800339C8A /* des.h */,
				FB8946A519F6AFB800339C8A /* des_old.h */,
				FB8946A619F6AFB800339C8A /* dh.h */,
				FB8946A719F6AFB800339C8A /* dsa.h */,
				FB8946A819F6AFB800339C8A /* dso.h */,
				FB8946A919F6AFB800339C8A /* dtls1.h */,
				FB8946AA19F6AFB800339C8A /* e_os2.h */,
				FB8946AB19F6AFB800339C8A /* ebcdic.h */,
				FB8946AC19F6AFB800339C8A /* ec.h */,
				FB8946AD19F6AFB800339C8A /* ecdh.h */,
				FB8946AE19F6AFB800339C8A /* ecdsa.h */,
				FB8946AF19F6AFB800339C8A /* engine.h */,
				FB8946B019F6AFB800339C8A /* err.h */,
				FB8946B119F6AFB800339C8A /* evp.h */,
				FB8946B219F6AFB800339C8A /* hmac.h */,
				FB8946B319F6AFB800339C8A /* idea.h */,
				FB8946B419F6AFB800339C8A /* krb5_asn.h */,
				FB8946B519F6AFB800339C8A /* kssl.h */,
				FB8946B619F6AFB800339C8A /* lhash.h */,
				FB8946B719F6AFB800339C8A /* md4.h */,
				FB8946B819F6AFB800339C8A /* md5.h */,
				FB8946B919F6AFB800339C8A /* mdc2.h */,
				FB8946BA19F6AFB800339C8A /* modes.h */,
				FB8946BB19F6AFB800339C8A /* obj_mac.h */,
				FB8946BC19F6AFB800339C8A /* objects.h */,
				FB8946BD19F6AFB800339C8A /* ocsp.h */,
				FB8946BE19F6AFB800339C8A /* opensslconf.h */,
				FB8946BF19F6AFB800339C8A /* opensslv.h */,
				FB8946C019F6AFB800339C8A /* ossl_typ.h */,
				FB8946C119F6AFB800339C8A /* pem.h */,
				FB8946C219F6AFB800339C8A /* pem2.h */,
				FB8946C319F6AFB800339C8A /* pkcs12.h */,
				FB8946C419F6AFB800339C8A /* pkcs7.h */,
				FB8946C519F6AFB800339C8A /* pqueue.h */,
				FB8946C619F6AFB800339C8A /* rand.h */,
				FB8946C719F6AFB800339C8A /* rc2.h */,
				FB8946C819F6AFB800339C8A /* rc4.h */,
				FB8946C919F6AFB800339C8A /* ripemd.h */,
				FB8946CA19F6AFB800339C8A /* rsa.h */,
				FB8946CB19F6AFB800339C8A /* safestack.h */,
				FB8946CC19F6AFB800339C8A /* seed.h */,
				FB8946CD19F6AFB800339C8A /* sha.h */,
				FB8946CE19F6AFB800339C8A /* srp.h */,
				FB8946CF19F6AFB800339C8A /* srtp.h */,
				FB8946D019F6AFB800339C8A /* ssl.h */,
				FB8946D119F6AFB800339C8A /* ssl2.h */,
				FB8946D219F6AFB800339C8A /* ssl23.h */,
				FB8946D319F6AFB800339C8A /* ssl3.h */,
				FB8946D419F6AFB800339C8A /* stack.h */,
				FB8946D519F6AFB800339C8A /* symhacks.h */,
				FB8946D619F6AFB800339C8A /* tls1.h */,
				FB8946D719F6AFB800339C8A /* ts.h */,
				FB8946D819F6AFB800339C8A /* txt_db.h */,
				FB8946D919F6AFB800339C8A /* ui.h */,
				FB8946DA19F6AFB800339C8A /* ui_compat.h */,
				FB8946DB19F6AFB800339C8A /* whrlpool.h */,
				FB8946DC19F6AFB800339C8A /* x509.h */,
				FB8946DD19F6AFB800339C8A /* x509_vfy.h */,
				FB8946DE19F6AFB800339C8A /* x509v3.h */,
			);
			path = openssl;
			sourceTree = "<group>";
		};
		FB8946DF19F6AFB800339C8A /* lib */ = {
			isa = PBXGroup;
			children = (
				FB8946E019F6AFB800339C8A /* libcrypto.a */,
				FB8946E119F6AFB800339C8A /* libssl.a */,
			);
			path = lib;
			sourceTree = "<group>";
		};
		FB8946E219F6AFB800339C8A /* opus */ = {
			isa = PBXGroup;
			children = (
				FB8946E319F6AFB800339C8A /* include */,
				FB8946E919F6AFB800339C8A /* lib */,
			);
			path = opus;
			sourceTree = "<group>";
		};
		FB8946E319F6AFB800339C8A /* include */ = {
			isa = PBXGroup;
			children = (
				FB8946E419F6AFB800339C8A /* opus */,
			);
			path = include;
			sourceTree = "<group>";
		};
		FB8946E419F6AFB800339C8A /* opus */ = {
			isa = PBXGroup;
			children = (
				FB8946E519F6AFB800339C8A /* opus.h */,
				FB8946E619F6AFB800339C8A /* opus_defines.h */,
				FB8946E719F6AFB800339C8A /* opus_multistream.h */,
				FB8946E819F6AFB800339C8A /* opus_types.h */,
			);
			path = opus;
			sourceTree = "<group>";
		};
		FB8946E919F6AFB800339C8A /* lib */ = {
			isa = PBXGroup;
			children = (
				FB8946EA19F6AFB800339C8A /* libopus.a */,
			);
			path = lib;
			sourceTree = "<group>";
		};
/* End PBXGroup section */

/* Begin PBXNativeTarget section */
		4C7E0A791FECBFFD00684411 /* Moonlight for macOS */ = {
			isa = PBXNativeTarget;
			buildConfigurationList = 4C7E0A8D1FECBFFD00684411 /* Build configuration list for PBXNativeTarget "Moonlight for macOS" */;
			buildPhases = (
				4C7E0A761FECBFFD00684411 /* Sources */,
				4C7E0A771FECBFFD00684411 /* Frameworks */,
				4C7E0A781FECBFFD00684411 /* Resources */,
				4C682BD324D1264100A70C44 /* Set Build Number */,
			);
			buildRules = (
			);
			dependencies = (
				4C38E8301FF0C726000425CD /* PBXTargetDependency */,
			);
			name = "Moonlight for macOS";
			productName = "Moonlight for macOS";
			productReference = 4C7E0A7A1FECBFFD00684411 /* Moonlight.app */;
			productType = "com.apple.product-type.application";
		};
/* End PBXNativeTarget section */

/* Begin PBXProject section */
		FB290CE619B2C406004C83CF /* Project object */ = {
			isa = PBXProject;
			attributes = {
				BuildIndependentTargetsInParallel = YES;
				LastSwiftUpdateCheck = 0730;
				LastUpgradeCheck = 1510;
				ORGANIZATIONNAME = "Moonlight Game Streaming Project";
				TargetAttributes = {
					4C7E0A791FECBFFD00684411 = {
						CreatedOnToolsVersion = 9.2;
						LastSwiftMigration = 1020;
						ProvisioningStyle = Automatic;
						SystemCapabilities = {
							com.apple.Sandbox = {
								enabled = 1;
							};
						};
					};
				};
			};
			buildConfigurationList = FB290CE919B2C406004C83CF /* Build configuration list for PBXProject "Moonlight" */;
			developmentRegion = en;
			hasScannedForEncodings = 0;
			knownRegions = (
				en,
				Base,
			);
			mainGroup = FB290CE519B2C406004C83CF;
			preferredProjectObjectVersion = 48;
			productRefGroup = FB290CEF19B2C406004C83CF /* Products */;
			projectDirPath = "";
			projectReferences = (
				{
					ProductGroup = 98AB2E801CAD46830089BB98 /* Products */;
					ProjectRef = 98AB2E7F1CAD46830089BB98 /* moonlight-common.xcodeproj */;
				},
			);
			projectRoot = "";
			targets = (
				4C7E0A791FECBFFD00684411 /* Moonlight for macOS */,
			);
		};
/* End PBXProject section */

/* Begin PBXReferenceProxy section */
		98AB2E841CAD46840089BB98 /* libmoonlight-common.a */ = {
			isa = PBXReferenceProxy;
			fileType = archive.ar;
			path = "libmoonlight-common.a";
			remoteRef = 98AB2E831CAD46840089BB98 /* PBXContainerItemProxy */;
			sourceTree = BUILT_PRODUCTS_DIR;
		};
/* End PBXReferenceProxy section */

/* Begin PBXResourcesBuildPhase section */
		4C7E0A781FECBFFD00684411 /* Resources */ = {
			isa = PBXResourcesBuildPhase;
			buildActionMask = 2147483647;
			files = (
			);
			runOnlyForDeploymentPostprocessing = 0;
		};
/* End PBXResourcesBuildPhase section */

/* Begin PBXShellScriptBuildPhase section */
		4C682BD324D1264100A70C44 /* Set Build Number */ = {
			isa = PBXShellScriptBuildPhase;
			alwaysOutOfDate = 1;
			buildActionMask = 2147483647;
			files = (
			);
			inputFileListPaths = (
			);
			inputPaths = (
			);
			name = "Set Build Number";
			outputFileListPaths = (
			);
			outputPaths = (
			);
			runOnlyForDeploymentPostprocessing = 0;
			shellPath = /bin/sh;
			shellScript = "git=`sh /etc/profile; which git`\nbundleVersion=`\"$git\" rev-list --all |wc -l`\n/usr/libexec/PlistBuddy -c \"Set :CFBundleVersion $bundleVersion\" \"${TARGET_BUILD_DIR}/${INFOPLIST_PATH}\"\n";
		};
/* End PBXShellScriptBuildPhase section */

/* Begin PBXSourcesBuildPhase section */
		4C7E0A761FECBFFD00684411 /* Sources */ = {
			isa = PBXSourcesBuildPhase;
			buildActionMask = 2147483647;
			files = (
				4C38E8011FEE08AA000425CD /* (null) in Sources */,
				4C38E7FC1FEE0875000425CD /* (null) in Sources */,
				4C38E7F91FEE085B000425CD /* (null) in Sources */,
			);
			runOnlyForDeploymentPostprocessing = 0;
		};
/* End PBXSourcesBuildPhase section */

/* Begin PBXTargetDependency section */
		4C38E8301FF0C726000425CD /* PBXTargetDependency */ = {
			isa = PBXTargetDependency;
			name = "moonlight-common";
			targetProxy = 4C38E82F1FF0C726000425CD /* PBXContainerItemProxy */;
		};
/* End PBXTargetDependency section */

/* Begin XCBuildConfiguration section */
		4C7E0A8B1FECBFFD00684411 /* Debug */ = {
			isa = XCBuildConfiguration;
			buildSettings = {
				ASSETCATALOG_COMPILER_APPICON_NAME = AppIcon;
				CLANG_ANALYZER_NONNULL = YES;
				CLANG_ANALYZER_NUMBER_OBJECT_CONVERSION = YES_AGGRESSIVE;
				CLANG_CXX_LANGUAGE_STANDARD = "gnu++14";
				CLANG_WARN_BLOCK_CAPTURE_AUTORELEASING = YES;
				CLANG_WARN_COMMA = YES;
				CLANG_WARN_DOCUMENTATION_COMMENTS = YES;
				CLANG_WARN_NON_LITERAL_NULL_CONVERSION = YES;
				CLANG_WARN_OBJC_LITERAL_CONVERSION = YES;
				CLANG_WARN_RANGE_LOOP_ANALYSIS = YES;
				CLANG_WARN_STRICT_PROTOTYPES = YES;
				CLANG_WARN_UNGUARDED_AVAILABILITY = YES_AGGRESSIVE;
				CODE_SIGN_ENTITLEMENTS = Moonlight.entitlements;
				CODE_SIGN_IDENTITY = "Apple Development";
				CODE_SIGN_STYLE = Automatic;
				COMBINE_HIDPI_IMAGES = YES;
				DEAD_CODE_STRIPPING = YES;
				DEBUG_INFORMATION_FORMAT = dwarf;
				DEVELOPMENT_TEAM = YH23FJA92F;
				ENABLE_HARDENED_RUNTIME = YES;
				GCC_C_LANGUAGE_STANDARD = gnu11;
				GCC_PRECOMPILE_PREFIX_HEADER = YES;
				GCC_PREFIX_HEADER = "Limelight/macOS/Supporting Files/Limelight-Prefix.pch";
				HEADER_SEARCH_PATHS = (
					"$(PROJECT_DIR)/libs/**",
					"$(SDKROOT)/usr/include/libxml2",
					"$(PROJECT_DIR)/moonlight-common/moonlight-common-c/src",
				);
				INFOPLIST_FILE = "Limelight/macOS/Supporting Files/Info.plist";
				LD_RUNPATH_SEARCH_PATHS = (
					"$(inherited)",
					"@executable_path/../Frameworks",
				);
				LIBRARY_SEARCH_PATHS = (
					"$(inherited)",
					"$(PROJECT_DIR)/libs/openssl/lib",
					"$(PROJECT_DIR)/libs/opus/lib",
				);
				MACOSX_DEPLOYMENT_TARGET = 11.0;
				MARKETING_VERSION = 1.1.0;
				MTL_ENABLE_DEBUG_INFO = YES;
				PRODUCT_BUNDLE_IDENTIFIER = com.coofdylabs.MoonlightMac;
				PRODUCT_NAME = Moonlight;
				PROVISIONING_PROFILE_SPECIFIER = "";
				SWIFT_OBJC_BRIDGING_HEADER = "Limelight/Moonlight-Bridging-Header.h";
				SWIFT_VERSION = 5.0;
			};
			name = Debug;
		};
		4C7E0A8C1FECBFFD00684411 /* Release */ = {
			isa = XCBuildConfiguration;
			buildSettings = {
				ASSETCATALOG_COMPILER_APPICON_NAME = AppIcon;
				CLANG_ANALYZER_NONNULL = YES;
				CLANG_ANALYZER_NUMBER_OBJECT_CONVERSION = YES_AGGRESSIVE;
				CLANG_CXX_LANGUAGE_STANDARD = "gnu++14";
				CLANG_WARN_BLOCK_CAPTURE_AUTORELEASING = YES;
				CLANG_WARN_COMMA = YES;
				CLANG_WARN_DOCUMENTATION_COMMENTS = YES;
				CLANG_WARN_NON_LITERAL_NULL_CONVERSION = YES;
				CLANG_WARN_OBJC_LITERAL_CONVERSION = YES;
				CLANG_WARN_RANGE_LOOP_ANALYSIS = YES;
				CLANG_WARN_STRICT_PROTOTYPES = YES;
				CLANG_WARN_UNGUARDED_AVAILABILITY = YES_AGGRESSIVE;
				CODE_SIGN_ENTITLEMENTS = Moonlight.entitlements;
				CODE_SIGN_IDENTITY = "Apple Development";
				CODE_SIGN_STYLE = Automatic;
				COMBINE_HIDPI_IMAGES = YES;
				COPY_PHASE_STRIP = NO;
				DEAD_CODE_STRIPPING = YES;
				DEBUG_INFORMATION_FORMAT = "dwarf-with-dsym";
				DEVELOPMENT_TEAM = YH23FJA92F;
				ENABLE_HARDENED_RUNTIME = YES;
				GCC_C_LANGUAGE_STANDARD = gnu11;
				GCC_PRECOMPILE_PREFIX_HEADER = YES;
				GCC_PREFIX_HEADER = "Limelight/macOS/Supporting Files/Limelight-Prefix.pch";
				HEADER_SEARCH_PATHS = (
					"$(PROJECT_DIR)/libs/**",
					"$(SDKROOT)/usr/include/libxml2",
					"$(PROJECT_DIR)/moonlight-common/moonlight-common-c/src",
				);
				INFOPLIST_FILE = "Limelight/macOS/Supporting Files/Info.plist";
				LD_RUNPATH_SEARCH_PATHS = (
					"$(inherited)",
					"@executable_path/../Frameworks",
				);
				LIBRARY_SEARCH_PATHS = (
					"$(inherited)",
					"$(PROJECT_DIR)/libs/openssl/lib",
					"$(PROJECT_DIR)/libs/opus/lib",
				);
				MACOSX_DEPLOYMENT_TARGET = 11.0;
				MARKETING_VERSION = 1.1.0;
				MTL_ENABLE_DEBUG_INFO = NO;
				PRODUCT_BUNDLE_IDENTIFIER = com.coofdylabs.MoonlightMac;
				PRODUCT_NAME = Moonlight;
				PROVISIONING_PROFILE_SPECIFIER = "";
				SWIFT_OBJC_BRIDGING_HEADER = "Limelight/Moonlight-Bridging-Header.h";
				SWIFT_VERSION = 5.0;
			};
			name = Release;
		};
		FB290D1E19B2C406004C83CF /* Debug */ = {
			isa = XCBuildConfiguration;
			buildSettings = {
				CLANG_ANALYZER_LOCALIZABILITY_NONLOCALIZED = YES;
				CLANG_CXX_LANGUAGE_STANDARD = "gnu++0x";
				CLANG_CXX_LIBRARY = "libc++";
				CLANG_ENABLE_MODULES = YES;
				CLANG_ENABLE_OBJC_ARC = YES;
				CLANG_WARN_BLOCK_CAPTURE_AUTORELEASING = YES;
				CLANG_WARN_BOOL_CONVERSION = YES;
				CLANG_WARN_COMMA = YES;
				CLANG_WARN_CONSTANT_CONVERSION = YES;
				CLANG_WARN_DEPRECATED_OBJC_IMPLEMENTATIONS = YES;
				CLANG_WARN_DIRECT_OBJC_ISA_USAGE = YES_ERROR;
				CLANG_WARN_EMPTY_BODY = YES;
				CLANG_WARN_ENUM_CONVERSION = YES;
				CLANG_WARN_INFINITE_RECURSION = YES;
				CLANG_WARN_INT_CONVERSION = YES;
				CLANG_WARN_NON_LITERAL_NULL_CONVERSION = YES;
				CLANG_WARN_OBJC_IMPLICIT_RETAIN_SELF = YES;
				CLANG_WARN_OBJC_LITERAL_CONVERSION = YES;
				CLANG_WARN_OBJC_ROOT_CLASS = YES_ERROR;
				CLANG_WARN_QUOTED_INCLUDE_IN_FRAMEWORK_HEADER = YES;
				CLANG_WARN_RANGE_LOOP_ANALYSIS = YES;
				CLANG_WARN_STRICT_PROTOTYPES = YES;
				CLANG_WARN_SUSPICIOUS_MOVE = YES;
				CLANG_WARN_UNREACHABLE_CODE = YES;
				CLANG_WARN__DUPLICATE_METHOD_MATCH = YES;
				COPY_PHASE_STRIP = NO;
				DEAD_CODE_STRIPPING = YES;
				ENABLE_STRICT_OBJC_MSGSEND = YES;
				ENABLE_TESTABILITY = YES;
				GCC_C_LANGUAGE_STANDARD = gnu99;
				GCC_DYNAMIC_NO_PIC = NO;
				GCC_NO_COMMON_BLOCKS = YES;
				GCC_OPTIMIZATION_LEVEL = 0;
				GCC_PREPROCESSOR_DEFINITIONS = "DEBUG=1";
				GCC_SYMBOLS_PRIVATE_EXTERN = NO;
				GCC_WARN_64_TO_32_BIT_CONVERSION = YES;
				GCC_WARN_ABOUT_RETURN_TYPE = YES_ERROR;
				GCC_WARN_UNDECLARED_SELECTOR = YES;
				GCC_WARN_UNINITIALIZED_AUTOS = YES_AGGRESSIVE;
				GCC_WARN_UNUSED_FUNCTION = YES;
				GCC_WARN_UNUSED_VARIABLE = YES;
				MACOSX_DEPLOYMENT_TARGET = 11.0;
				ONLY_ACTIVE_ARCH = YES;
				SDKROOT = macosx;
				SWIFT_OPTIMIZATION_LEVEL = "-Onone";
				TARGETED_DEVICE_FAMILY = "1,2";
			};
			name = Debug;
		};
		FB290D1F19B2C406004C83CF /* Release */ = {
			isa = XCBuildConfiguration;
			buildSettings = {
				CLANG_ANALYZER_LOCALIZABILITY_NONLOCALIZED = YES;
				CLANG_CXX_LANGUAGE_STANDARD = "gnu++0x";
				CLANG_CXX_LIBRARY = "libc++";
				CLANG_ENABLE_MODULES = YES;
				CLANG_ENABLE_OBJC_ARC = YES;
				CLANG_WARN_BLOCK_CAPTURE_AUTORELEASING = YES;
				CLANG_WARN_BOOL_CONVERSION = YES;
				CLANG_WARN_COMMA = YES;
				CLANG_WARN_CONSTANT_CONVERSION = YES;
				CLANG_WARN_DEPRECATED_OBJC_IMPLEMENTATIONS = YES;
				CLANG_WARN_DIRECT_OBJC_ISA_USAGE = YES_ERROR;
				CLANG_WARN_EMPTY_BODY = YES;
				CLANG_WARN_ENUM_CONVERSION = YES;
				CLANG_WARN_INFINITE_RECURSION = YES;
				CLANG_WARN_INT_CONVERSION = YES;
				CLANG_WARN_NON_LITERAL_NULL_CONVERSION = YES;
				CLANG_WARN_OBJC_IMPLICIT_RETAIN_SELF = YES;
				CLANG_WARN_OBJC_LITERAL_CONVERSION = YES;
				CLANG_WARN_OBJC_ROOT_CLASS = YES_ERROR;
				CLANG_WARN_QUOTED_INCLUDE_IN_FRAMEWORK_HEADER = YES;
				CLANG_WARN_RANGE_LOOP_ANALYSIS = YES;
				CLANG_WARN_STRICT_PROTOTYPES = YES;
				CLANG_WARN_SUSPICIOUS_MOVE = YES;
				CLANG_WARN_UNREACHABLE_CODE = YES;
				CLANG_WARN__DUPLICATE_METHOD_MATCH = YES;
				COPY_PHASE_STRIP = YES;
				DEAD_CODE_STRIPPING = YES;
				ENABLE_NS_ASSERTIONS = NO;
				ENABLE_STRICT_OBJC_MSGSEND = YES;
				GCC_C_LANGUAGE_STANDARD = gnu99;
				GCC_NO_COMMON_BLOCKS = YES;
				GCC_WARN_64_TO_32_BIT_CONVERSION = YES;
				GCC_WARN_ABOUT_RETURN_TYPE = YES_ERROR;
				GCC_WARN_UNDECLARED_SELECTOR = YES;
				GCC_WARN_UNINITIALIZED_AUTOS = YES_AGGRESSIVE;
				GCC_WARN_UNUSED_FUNCTION = YES;
				GCC_WARN_UNUSED_VARIABLE = YES;
				MACOSX_DEPLOYMENT_TARGET = 11.0;
				PROVISIONING_PROFILE = "";
				SDKROOT = macosx;
				SWIFT_COMPILATION_MODE = wholemodule;
				SWIFT_OPTIMIZATION_LEVEL = "-Osize";
				TARGETED_DEVICE_FAMILY = "1,2";
				VALIDATE_PRODUCT = YES;
			};
			name = Release;
		};
/* End XCBuildConfiguration section */

/* Begin XCConfigurationList section */
		4C7E0A8D1FECBFFD00684411 /* Build configuration list for PBXNativeTarget "Moonlight for macOS" */ = {
			isa = XCConfigurationList;
			buildConfigurations = (
				4C7E0A8B1FECBFFD00684411 /* Debug */,
				4C7E0A8C1FECBFFD00684411 /* Release */,
			);
			defaultConfigurationIsVisible = 0;
			defaultConfigurationName = Release;
		};
		FB290CE919B2C406004C83CF /* Build configuration list for PBXProject "Moonlight" */ = {
			isa = XCConfigurationList;
			buildConfigurations = (
				FB290D1E19B2C406004C83CF /* Debug */,
				FB290D1F19B2C406004C83CF /* Release */,
			);
			defaultConfigurationIsVisible = 0;
			defaultConfigurationName = Release;
		};
/* End XCConfigurationList section */
	};
	rootObject = FB290CE619B2C406004C83CF /* Project object */;
}
